// !$*UTF8*$!
{
	archiveVersion = 1;
	classes = {
	};
	objectVersion = 55;
	objects = {

/* Begin PBXBuildFile section */
		20724B2527B57E4B000AB821 /* TransactionsViewModelTests.swift in Sources */ = {isa = PBXBuildFile; fileRef = 20724B2427B57E4B000AB821 /* TransactionsViewModelTests.swift */; };
		20724B2827B57E8F000AB821 /* TransactionViewModel+Mock.swift in Sources */ = {isa = PBXBuildFile; fileRef = 20724B2727B57E8F000AB821 /* TransactionViewModel+Mock.swift */; };
		20724B2C27B57EF3000AB821 /* MockTransactionsRepository.swift in Sources */ = {isa = PBXBuildFile; fileRef = 20724B2B27B57EF3000AB821 /* MockTransactionsRepository.swift */; };
		20724B2F27B57FB8000AB821 /* Transaction+Mock.swift in Sources */ = {isa = PBXBuildFile; fileRef = 20724B2E27B57FB8000AB821 /* Transaction+Mock.swift */; };
		20724B3127B5CCDB000AB821 /* MockTransactionsViewModelDelegate.swift in Sources */ = {isa = PBXBuildFile; fileRef = 20724B3027B5CCDB000AB821 /* MockTransactionsViewModelDelegate.swift */; };
		20724B3427B5CF5D000AB821 /* XCTestCase+Wait.swift in Sources */ = {isa = PBXBuildFile; fileRef = 20724B3327B5CF5D000AB821 /* XCTestCase+Wait.swift */; };
		20808DAC27B45F30005BD5F6 /* AppDelegate.swift in Sources */ = {isa = PBXBuildFile; fileRef = 20808DAB27B45F30005BD5F6 /* AppDelegate.swift */; };
		20808DB527B45F35005BD5F6 /* Assets.xcassets in Resources */ = {isa = PBXBuildFile; fileRef = 20808DB427B45F35005BD5F6 /* Assets.xcassets */; };
		20808DB827B45F35005BD5F6 /* LaunchScreen.storyboard in Resources */ = {isa = PBXBuildFile; fileRef = 20808DB627B45F35005BD5F6 /* LaunchScreen.storyboard */; };
		20808DCD27B45F36005BD5F6 /* SwileUITests.swift in Sources */ = {isa = PBXBuildFile; fileRef = 20808DCC27B45F36005BD5F6 /* SwileUITests.swift */; };
		20808DCF27B45F36005BD5F6 /* SwileUITestsLaunchTests.swift in Sources */ = {isa = PBXBuildFile; fileRef = 20808DCE27B45F36005BD5F6 /* SwileUITestsLaunchTests.swift */; };
		20808DDD27B46148005BD5F6 /* AppCoordinator.swift in Sources */ = {isa = PBXBuildFile; fileRef = 20808DDC27B46148005BD5F6 /* AppCoordinator.swift */; };
		20808DE027B461FD005BD5F6 /* Coordinator.swift in Sources */ = {isa = PBXBuildFile; fileRef = 20808DDF27B461FD005BD5F6 /* Coordinator.swift */; };
		20808DE827B463E5005BD5F6 /* Transaction.swift in Sources */ = {isa = PBXBuildFile; fileRef = 20808DE727B463E5005BD5F6 /* Transaction.swift */; };
		20808DF027B468A0005BD5F6 /* Localizable.strings in Resources */ = {isa = PBXBuildFile; fileRef = 20808DF227B468A0005BD5F6 /* Localizable.strings */; };
		20808DF727B46AB4005BD5F6 /* Assets.swift in Sources */ = {isa = PBXBuildFile; fileRef = 20808DF627B46AB4005BD5F6 /* Assets.swift */; };
		20808DF927B46ABE005BD5F6 /* Strings.swift in Sources */ = {isa = PBXBuildFile; fileRef = 20808DF827B46ABE005BD5F6 /* Strings.swift */; };
		20808DFF27B473EC005BD5F6 /* TransactionsViewModel.swift in Sources */ = {isa = PBXBuildFile; fileRef = 20808DFE27B473EC005BD5F6 /* TransactionsViewModel.swift */; };
		20808E0127B473F5005BD5F6 /* TransactionsViewController.swift in Sources */ = {isa = PBXBuildFile; fileRef = 20808E0027B473F5005BD5F6 /* TransactionsViewController.swift */; };
		20808E0627B47659005BD5F6 /* HeaderCell.swift in Sources */ = {isa = PBXBuildFile; fileRef = 20808E0527B47659005BD5F6 /* HeaderCell.swift */; };
		20808E0827B47661005BD5F6 /* HeaderCellViewModel.swift in Sources */ = {isa = PBXBuildFile; fileRef = 20808E0727B47661005BD5F6 /* HeaderCellViewModel.swift */; };
		20808E0A27B476E1005BD5F6 /* ObservableType+Loading.swift in Sources */ = {isa = PBXBuildFile; fileRef = 20808E0927B476E1005BD5F6 /* ObservableType+Loading.swift */; };
		20808E0E27B478F5005BD5F6 /* StyleGuide.swift in Sources */ = {isa = PBXBuildFile; fileRef = 20808E0D27B478F5005BD5F6 /* StyleGuide.swift */; };
		20808E1027B47945005BD5F6 /* ColorScheme.swift in Sources */ = {isa = PBXBuildFile; fileRef = 20808E0F27B47945005BD5F6 /* ColorScheme.swift */; };
		20808E1227B47A31005BD5F6 /* FontBook.swift in Sources */ = {isa = PBXBuildFile; fileRef = 20808E1127B47A30005BD5F6 /* FontBook.swift */; };
		20808E1627B47D3E005BD5F6 /* Header.swift in Sources */ = {isa = PBXBuildFile; fileRef = 20808E1527B47D3E005BD5F6 /* Header.swift */; };
		20808E1927B47D9A005BD5F6 /* HasData.swift in Sources */ = {isa = PBXBuildFile; fileRef = 20808E1827B47D9A005BD5F6 /* HasData.swift */; };
		20808E1C27B47FFC005BD5F6 /* Reusable.swift in Sources */ = {isa = PBXBuildFile; fileRef = 20808E1B27B47FFC005BD5F6 /* Reusable.swift */; };
		20808E1F27B4834A005BD5F6 /* TransactionsRepository.swift in Sources */ = {isa = PBXBuildFile; fileRef = 20808E1E27B4834A005BD5F6 /* TransactionsRepository.swift */; };
		20808E2427B48A5E005BD5F6 /* IconCategory.swift in Sources */ = {isa = PBXBuildFile; fileRef = 20808E2327B48A5E005BD5F6 /* IconCategory.swift */; };
		20808E2627B48AF7005BD5F6 /* AvatarCategory.swift in Sources */ = {isa = PBXBuildFile; fileRef = 20808E2527B48AF7005BD5F6 /* AvatarCategory.swift */; };
		20AFE44027B64B7A00E79E1C /* TransactionDetailsViewModel.swift in Sources */ = {isa = PBXBuildFile; fileRef = 20AFE43F27B64B7A00E79E1C /* TransactionDetailsViewModel.swift */; };
		20AFE44227B64B8400E79E1C /* TransactionDetailsViewController.swift in Sources */ = {isa = PBXBuildFile; fileRef = 20AFE44127B64B8400E79E1C /* TransactionDetailsViewController.swift */; };
		20AFE44427B657F700E79E1C /* HeaderTransaction.swift in Sources */ = {isa = PBXBuildFile; fileRef = 20AFE44327B657F700E79E1C /* HeaderTransaction.swift */; };
		20AFE44627B663F800E79E1C /* CloseButton.swift in Sources */ = {isa = PBXBuildFile; fileRef = 20AFE44527B663F800E79E1C /* CloseButton.swift */; };
		20AFE44927B66B2900E79E1C /* Hero+Helpers.swift in Sources */ = {isa = PBXBuildFile; fileRef = 20AFE44827B66B2900E79E1C /* Hero+Helpers.swift */; };
		20AFE44B27B6CAAC00E79E1C /* ItemAction.swift in Sources */ = {isa = PBXBuildFile; fileRef = 20AFE44A27B6CAAB00E79E1C /* ItemAction.swift */; };
		20AFE44D27B6D8E900E79E1C /* Divider.swift in Sources */ = {isa = PBXBuildFile; fileRef = 20AFE44C27B6D8E900E79E1C /* Divider.swift */; };
		20AFE44F27B6DA8500E79E1C /* TransactionType.swift in Sources */ = {isa = PBXBuildFile; fileRef = 20AFE44E27B6DA8500E79E1C /* TransactionType.swift */; };
		20AFE45627B7168900E79E1C /* TransactionDetailsViewModelTests.swift in Sources */ = {isa = PBXBuildFile; fileRef = 20AFE45527B7168900E79E1C /* TransactionDetailsViewModelTests.swift */; };
		20AFE45827B7169C00E79E1C /* TransactionDetailsViewModel+Mock.swift in Sources */ = {isa = PBXBuildFile; fileRef = 20AFE45727B7169C00E79E1C /* TransactionDetailsViewModel+Mock.swift */; };
		20AFE45A27B716DE00E79E1C /* MockTransactionDetailsViewModelDelegate.swift in Sources */ = {isa = PBXBuildFile; fileRef = 20AFE45927B716DE00E79E1C /* MockTransactionDetailsViewModelDelegate.swift */; };
		20DF28BA27B503B20008FBA0 /* TransactionCell.swift in Sources */ = {isa = PBXBuildFile; fileRef = 20DF28B927B503B20008FBA0 /* TransactionCell.swift */; };
		20DF28BC27B503BC0008FBA0 /* TransactionCellViewModel.swift in Sources */ = {isa = PBXBuildFile; fileRef = 20DF28BB27B503BC0008FBA0 /* TransactionCellViewModel.swift */; };
		20DF28BF27B504A30008FBA0 /* DateFormatter.swift in Sources */ = {isa = PBXBuildFile; fileRef = 20DF28BE27B504A30008FBA0 /* DateFormatter.swift */; };
		20DF28C127B50DD10008FBA0 /* ItemTransaction.swift in Sources */ = {isa = PBXBuildFile; fileRef = 20DF28C027B50DD10008FBA0 /* ItemTransaction.swift */; };
		20DF28C227B51CE00008FBA0 /* Segma-Bold.otf in Resources */ = {isa = PBXBuildFile; fileRef = 20DF28B527B503190008FBA0 /* Segma-Bold.otf */; };
		20DF28C327B51CE30008FBA0 /* Segma-Medium.otf in Resources */ = {isa = PBXBuildFile; fileRef = 20DF28B727B503190008FBA0 /* Segma-Medium.otf */; };
		20DF28C427B51CE60008FBA0 /* Segma-SemiBold.otf in Resources */ = {isa = PBXBuildFile; fileRef = 20DF28B627B503190008FBA0 /* Segma-SemiBold.otf */; };
		20DF28C627B51CE90008FBA0 /* Segma-SemiBold.otf in Resources */ = {isa = PBXBuildFile; fileRef = 20DF28B627B503190008FBA0 /* Segma-SemiBold.otf */; };
		20DF28C827B51CEC0008FBA0 /* Segma-Medium.otf in Resources */ = {isa = PBXBuildFile; fileRef = 20DF28B727B503190008FBA0 /* Segma-Medium.otf */; };
		20DF28C927B51CEF0008FBA0 /* Segma-Bold.otf in Resources */ = {isa = PBXBuildFile; fileRef = 20DF28B527B503190008FBA0 /* Segma-Bold.otf */; };
		20DF28CC27B522450008FBA0 /* ImageProvider.swift in Sources */ = {isa = PBXBuildFile; fileRef = 20DF28CB27B522450008FBA0 /* ImageProvider.swift */; };
		20DF28CF27B531020008FBA0 /* IconView.swift in Sources */ = {isa = PBXBuildFile; fileRef = 20DF28CE27B531020008FBA0 /* IconView.swift */; };
		20DF28D327B534BD0008FBA0 /* Tint.swift in Sources */ = {isa = PBXBuildFile; fileRef = 20DF28D227B534BD0008FBA0 /* Tint.swift */; };
		20DF28D527B53BBE0008FBA0 /* Avatar.swift in Sources */ = {isa = PBXBuildFile; fileRef = 20DF28D427B53BBE0008FBA0 /* Avatar.swift */; };
		20DF28D727B54B490008FBA0 /* NumberFormatter.swift in Sources */ = {isa = PBXBuildFile; fileRef = 20DF28D627B54B490008FBA0 /* NumberFormatter.swift */; };
		20DF28D927B553040008FBA0 /* Tag.swift in Sources */ = {isa = PBXBuildFile; fileRef = 20DF28D827B553040008FBA0 /* Tag.swift */; };
		20DF28DB27B5689B0008FBA0 /* SpaceDivider.swift in Sources */ = {isa = PBXBuildFile; fileRef = 20DF28DA27B5689B0008FBA0 /* SpaceDivider.swift */; };
		20DF28DD27B569360008FBA0 /* SpacingCell.swift in Sources */ = {isa = PBXBuildFile; fileRef = 20DF28DC27B569360008FBA0 /* SpacingCell.swift */; };
		20DF28E027B570E70008FBA0 /* SectionCell.swift in Sources */ = {isa = PBXBuildFile; fileRef = 20DF28DF27B570E70008FBA0 /* SectionCell.swift */; };
		20DF28E227B570F30008FBA0 /* SectionCellViewModel.swift in Sources */ = {isa = PBXBuildFile; fileRef = 20DF28E127B570F30008FBA0 /* SectionCellViewModel.swift */; };
		20DF28E427B572600008FBA0 /* SectionHeader.swift in Sources */ = {isa = PBXBuildFile; fileRef = 20DF28E327B572600008FBA0 /* SectionHeader.swift */; };
		51EF4238C1D804B5871C261A /* Pods_SwileTests.framework in Frameworks */ = {isa = PBXBuildFile; fileRef = D60399C3C79711BE4395BFFC /* Pods_SwileTests.framework */; };
		7329121CF302AA315AC8A700 /* Pods_Swile.framework in Frameworks */ = {isa = PBXBuildFile; fileRef = 55F658AEC58B41DC3903170E /* Pods_Swile.framework */; };
/* End PBXBuildFile section */

/* Begin PBXContainerItemProxy section */
		20808DBF27B45F36005BD5F6 /* PBXContainerItemProxy */ = {
			isa = PBXContainerItemProxy;
			containerPortal = 20808DA027B45F30005BD5F6 /* Project object */;
			proxyType = 1;
			remoteGlobalIDString = 20808DA727B45F30005BD5F6;
			remoteInfo = Swile;
		};
		20808DC927B45F36005BD5F6 /* PBXContainerItemProxy */ = {
			isa = PBXContainerItemProxy;
			containerPortal = 20808DA027B45F30005BD5F6 /* Project object */;
			proxyType = 1;
			remoteGlobalIDString = 20808DA727B45F30005BD5F6;
			remoteInfo = Swile;
		};
/* End PBXContainerItemProxy section */

/* Begin PBXFileReference section */
		0F8F34A5D32F1DA4F7CECA26 /* Pods-Swile.release.xcconfig */ = {isa = PBXFileReference; includeInIndex = 1; lastKnownFileType = text.xcconfig; name = "Pods-Swile.release.xcconfig"; path = "Target Support Files/Pods-Swile/Pods-Swile.release.xcconfig"; sourceTree = "<group>"; };
		20724B2427B57E4B000AB821 /* TransactionsViewModelTests.swift */ = {isa = PBXFileReference; lastKnownFileType = sourcecode.swift; path = TransactionsViewModelTests.swift; sourceTree = "<group>"; };
		20724B2727B57E8F000AB821 /* TransactionViewModel+Mock.swift */ = {isa = PBXFileReference; lastKnownFileType = sourcecode.swift; path = "TransactionViewModel+Mock.swift"; sourceTree = "<group>"; };
		20724B2B27B57EF3000AB821 /* MockTransactionsRepository.swift */ = {isa = PBXFileReference; lastKnownFileType = sourcecode.swift; path = MockTransactionsRepository.swift; sourceTree = "<group>"; };
		20724B2E27B57FB8000AB821 /* Transaction+Mock.swift */ = {isa = PBXFileReference; lastKnownFileType = sourcecode.swift; path = "Transaction+Mock.swift"; sourceTree = "<group>"; };
		20724B3027B5CCDB000AB821 /* MockTransactionsViewModelDelegate.swift */ = {isa = PBXFileReference; lastKnownFileType = sourcecode.swift; path = MockTransactionsViewModelDelegate.swift; sourceTree = "<group>"; };
		20724B3327B5CF5D000AB821 /* XCTestCase+Wait.swift */ = {isa = PBXFileReference; lastKnownFileType = sourcecode.swift; path = "XCTestCase+Wait.swift"; sourceTree = "<group>"; };
		20808DA827B45F30005BD5F6 /* Swile.app */ = {isa = PBXFileReference; explicitFileType = wrapper.application; includeInIndex = 0; path = Swile.app; sourceTree = BUILT_PRODUCTS_DIR; };
		20808DAB27B45F30005BD5F6 /* AppDelegate.swift */ = {isa = PBXFileReference; lastKnownFileType = sourcecode.swift; path = AppDelegate.swift; sourceTree = "<group>"; };
		20808DB427B45F35005BD5F6 /* Assets.xcassets */ = {isa = PBXFileReference; lastKnownFileType = folder.assetcatalog; path = Assets.xcassets; sourceTree = "<group>"; };
		20808DB727B45F35005BD5F6 /* Base */ = {isa = PBXFileReference; lastKnownFileType = file.storyboard; name = Base; path = Base.lproj/LaunchScreen.storyboard; sourceTree = "<group>"; };
		20808DB927B45F35005BD5F6 /* Info.plist */ = {isa = PBXFileReference; lastKnownFileType = text.plist.xml; path = Info.plist; sourceTree = "<group>"; };
		20808DBE27B45F36005BD5F6 /* SwileTests.xctest */ = {isa = PBXFileReference; explicitFileType = wrapper.cfbundle; includeInIndex = 0; path = SwileTests.xctest; sourceTree = BUILT_PRODUCTS_DIR; };
		20808DC827B45F36005BD5F6 /* SwileUITests.xctest */ = {isa = PBXFileReference; explicitFileType = wrapper.cfbundle; includeInIndex = 0; path = SwileUITests.xctest; sourceTree = BUILT_PRODUCTS_DIR; };
		20808DCC27B45F36005BD5F6 /* SwileUITests.swift */ = {isa = PBXFileReference; lastKnownFileType = sourcecode.swift; path = SwileUITests.swift; sourceTree = "<group>"; };
		20808DCE27B45F36005BD5F6 /* SwileUITestsLaunchTests.swift */ = {isa = PBXFileReference; lastKnownFileType = sourcecode.swift; path = SwileUITestsLaunchTests.swift; sourceTree = "<group>"; };
		20808DDC27B46148005BD5F6 /* AppCoordinator.swift */ = {isa = PBXFileReference; lastKnownFileType = sourcecode.swift; path = AppCoordinator.swift; sourceTree = "<group>"; };
		20808DDF27B461FD005BD5F6 /* Coordinator.swift */ = {isa = PBXFileReference; lastKnownFileType = sourcecode.swift; path = Coordinator.swift; sourceTree = "<group>"; };
		20808DE727B463E5005BD5F6 /* Transaction.swift */ = {isa = PBXFileReference; lastKnownFileType = sourcecode.swift; path = Transaction.swift; sourceTree = "<group>"; };
		20808DF127B468A0005BD5F6 /* en */ = {isa = PBXFileReference; lastKnownFileType = text.plist.strings; name = en; path = en.lproj/Localizable.strings; sourceTree = "<group>"; };
		20808DF327B468A3005BD5F6 /* fr */ = {isa = PBXFileReference; lastKnownFileType = text.plist.strings; name = fr; path = fr.lproj/Localizable.strings; sourceTree = "<group>"; };
		20808DF427B468A4005BD5F6 /* pt-BR */ = {isa = PBXFileReference; lastKnownFileType = text.plist.strings; name = "pt-BR"; path = "pt-BR.lproj/Localizable.strings"; sourceTree = "<group>"; };
		20808DF627B46AB4005BD5F6 /* Assets.swift */ = {isa = PBXFileReference; lastKnownFileType = sourcecode.swift; path = Assets.swift; sourceTree = "<group>"; };
		20808DF827B46ABE005BD5F6 /* Strings.swift */ = {isa = PBXFileReference; lastKnownFileType = sourcecode.swift; path = Strings.swift; sourceTree = "<group>"; };
		20808DFE27B473EC005BD5F6 /* TransactionsViewModel.swift */ = {isa = PBXFileReference; lastKnownFileType = sourcecode.swift; path = TransactionsViewModel.swift; sourceTree = "<group>"; };
		20808E0027B473F5005BD5F6 /* TransactionsViewController.swift */ = {isa = PBXFileReference; lastKnownFileType = sourcecode.swift; path = TransactionsViewController.swift; sourceTree = "<group>"; };
		20808E0527B47659005BD5F6 /* HeaderCell.swift */ = {isa = PBXFileReference; lastKnownFileType = sourcecode.swift; path = HeaderCell.swift; sourceTree = "<group>"; };
		20808E0727B47661005BD5F6 /* HeaderCellViewModel.swift */ = {isa = PBXFileReference; lastKnownFileType = sourcecode.swift; path = HeaderCellViewModel.swift; sourceTree = "<group>"; };
		20808E0927B476E1005BD5F6 /* ObservableType+Loading.swift */ = {isa = PBXFileReference; lastKnownFileType = sourcecode.swift; path = "ObservableType+Loading.swift"; sourceTree = "<group>"; };
		20808E0D27B478F5005BD5F6 /* StyleGuide.swift */ = {isa = PBXFileReference; lastKnownFileType = sourcecode.swift; path = StyleGuide.swift; sourceTree = "<group>"; };
		20808E0F27B47945005BD5F6 /* ColorScheme.swift */ = {isa = PBXFileReference; lastKnownFileType = sourcecode.swift; path = ColorScheme.swift; sourceTree = "<group>"; };
		20808E1127B47A30005BD5F6 /* FontBook.swift */ = {isa = PBXFileReference; lastKnownFileType = sourcecode.swift; path = FontBook.swift; sourceTree = "<group>"; };
		20808E1527B47D3E005BD5F6 /* Header.swift */ = {isa = PBXFileReference; lastKnownFileType = sourcecode.swift; path = Header.swift; sourceTree = "<group>"; };
		20808E1827B47D9A005BD5F6 /* HasData.swift */ = {isa = PBXFileReference; lastKnownFileType = sourcecode.swift; path = HasData.swift; sourceTree = "<group>"; };
		20808E1B27B47FFC005BD5F6 /* Reusable.swift */ = {isa = PBXFileReference; lastKnownFileType = sourcecode.swift; path = Reusable.swift; sourceTree = "<group>"; };
		20808E1E27B4834A005BD5F6 /* TransactionsRepository.swift */ = {isa = PBXFileReference; lastKnownFileType = sourcecode.swift; path = TransactionsRepository.swift; sourceTree = "<group>"; };
		20808E2327B48A5E005BD5F6 /* IconCategory.swift */ = {isa = PBXFileReference; lastKnownFileType = sourcecode.swift; path = IconCategory.swift; sourceTree = "<group>"; };
		20808E2527B48AF7005BD5F6 /* AvatarCategory.swift */ = {isa = PBXFileReference; lastKnownFileType = sourcecode.swift; path = AvatarCategory.swift; sourceTree = "<group>"; };
		20AFE43F27B64B7A00E79E1C /* TransactionDetailsViewModel.swift */ = {isa = PBXFileReference; lastKnownFileType = sourcecode.swift; path = TransactionDetailsViewModel.swift; sourceTree = "<group>"; };
		20AFE44127B64B8400E79E1C /* TransactionDetailsViewController.swift */ = {isa = PBXFileReference; lastKnownFileType = sourcecode.swift; path = TransactionDetailsViewController.swift; sourceTree = "<group>"; };
		20AFE44327B657F700E79E1C /* HeaderTransaction.swift */ = {isa = PBXFileReference; lastKnownFileType = sourcecode.swift; path = HeaderTransaction.swift; sourceTree = "<group>"; };
		20AFE44527B663F800E79E1C /* CloseButton.swift */ = {isa = PBXFileReference; lastKnownFileType = sourcecode.swift; path = CloseButton.swift; sourceTree = "<group>"; };
		20AFE44827B66B2900E79E1C /* Hero+Helpers.swift */ = {isa = PBXFileReference; lastKnownFileType = sourcecode.swift; path = "Hero+Helpers.swift"; sourceTree = "<group>"; };
		20AFE44A27B6CAAB00E79E1C /* ItemAction.swift */ = {isa = PBXFileReference; lastKnownFileType = sourcecode.swift; path = ItemAction.swift; sourceTree = "<group>"; };
		20AFE44C27B6D8E900E79E1C /* Divider.swift */ = {isa = PBXFileReference; lastKnownFileType = sourcecode.swift; path = Divider.swift; sourceTree = "<group>"; };
		20AFE44E27B6DA8500E79E1C /* TransactionType.swift */ = {isa = PBXFileReference; lastKnownFileType = sourcecode.swift; path = TransactionType.swift; sourceTree = "<group>"; };
		20AFE45527B7168900E79E1C /* TransactionDetailsViewModelTests.swift */ = {isa = PBXFileReference; lastKnownFileType = sourcecode.swift; path = TransactionDetailsViewModelTests.swift; sourceTree = "<group>"; };
		20AFE45727B7169C00E79E1C /* TransactionDetailsViewModel+Mock.swift */ = {isa = PBXFileReference; lastKnownFileType = sourcecode.swift; path = "TransactionDetailsViewModel+Mock.swift"; sourceTree = "<group>"; };
		20AFE45927B716DE00E79E1C /* MockTransactionDetailsViewModelDelegate.swift */ = {isa = PBXFileReference; lastKnownFileType = sourcecode.swift; path = MockTransactionDetailsViewModelDelegate.swift; sourceTree = "<group>"; };
		20DF28B527B503190008FBA0 /* Segma-Bold.otf */ = {isa = PBXFileReference; lastKnownFileType = file; path = "Segma-Bold.otf"; sourceTree = "<group>"; };
		20DF28B627B503190008FBA0 /* Segma-SemiBold.otf */ = {isa = PBXFileReference; lastKnownFileType = file; path = "Segma-SemiBold.otf"; sourceTree = "<group>"; };
		20DF28B727B503190008FBA0 /* Segma-Medium.otf */ = {isa = PBXFileReference; lastKnownFileType = file; path = "Segma-Medium.otf"; sourceTree = "<group>"; };
		20DF28B927B503B20008FBA0 /* TransactionCell.swift */ = {isa = PBXFileReference; lastKnownFileType = sourcecode.swift; path = TransactionCell.swift; sourceTree = "<group>"; };
		20DF28BB27B503BC0008FBA0 /* TransactionCellViewModel.swift */ = {isa = PBXFileReference; lastKnownFileType = sourcecode.swift; path = TransactionCellViewModel.swift; sourceTree = "<group>"; };
		20DF28BE27B504A30008FBA0 /* DateFormatter.swift */ = {isa = PBXFileReference; lastKnownFileType = sourcecode.swift; path = DateFormatter.swift; sourceTree = "<group>"; };
		20DF28C027B50DD10008FBA0 /* ItemTransaction.swift */ = {isa = PBXFileReference; lastKnownFileType = sourcecode.swift; path = ItemTransaction.swift; sourceTree = "<group>"; };
		20DF28CB27B522450008FBA0 /* ImageProvider.swift */ = {isa = PBXFileReference; lastKnownFileType = sourcecode.swift; path = ImageProvider.swift; sourceTree = "<group>"; };
		20DF28CE27B531020008FBA0 /* IconView.swift */ = {isa = PBXFileReference; lastKnownFileType = sourcecode.swift; path = IconView.swift; sourceTree = "<group>"; };
		20DF28D227B534BD0008FBA0 /* Tint.swift */ = {isa = PBXFileReference; lastKnownFileType = sourcecode.swift; path = Tint.swift; sourceTree = "<group>"; };
		20DF28D427B53BBE0008FBA0 /* Avatar.swift */ = {isa = PBXFileReference; lastKnownFileType = sourcecode.swift; path = Avatar.swift; sourceTree = "<group>"; };
		20DF28D627B54B490008FBA0 /* NumberFormatter.swift */ = {isa = PBXFileReference; lastKnownFileType = sourcecode.swift; path = NumberFormatter.swift; sourceTree = "<group>"; };
		20DF28D827B553040008FBA0 /* Tag.swift */ = {isa = PBXFileReference; lastKnownFileType = sourcecode.swift; path = Tag.swift; sourceTree = "<group>"; };
		20DF28DA27B5689B0008FBA0 /* SpaceDivider.swift */ = {isa = PBXFileReference; lastKnownFileType = sourcecode.swift; path = SpaceDivider.swift; sourceTree = "<group>"; };
		20DF28DC27B569360008FBA0 /* SpacingCell.swift */ = {isa = PBXFileReference; lastKnownFileType = sourcecode.swift; path = SpacingCell.swift; sourceTree = "<group>"; };
		20DF28DF27B570E70008FBA0 /* SectionCell.swift */ = {isa = PBXFileReference; lastKnownFileType = sourcecode.swift; path = SectionCell.swift; sourceTree = "<group>"; };
		20DF28E127B570F30008FBA0 /* SectionCellViewModel.swift */ = {isa = PBXFileReference; lastKnownFileType = sourcecode.swift; path = SectionCellViewModel.swift; sourceTree = "<group>"; };
		20DF28E327B572600008FBA0 /* SectionHeader.swift */ = {isa = PBXFileReference; lastKnownFileType = sourcecode.swift; path = SectionHeader.swift; sourceTree = "<group>"; };
		55F658AEC58B41DC3903170E /* Pods_Swile.framework */ = {isa = PBXFileReference; explicitFileType = wrapper.framework; includeInIndex = 0; path = Pods_Swile.framework; sourceTree = BUILT_PRODUCTS_DIR; };
		BC962226DCC970D15F924184 /* Pods-SwileTests.release.xcconfig */ = {isa = PBXFileReference; includeInIndex = 1; lastKnownFileType = text.xcconfig; name = "Pods-SwileTests.release.xcconfig"; path = "Target Support Files/Pods-SwileTests/Pods-SwileTests.release.xcconfig"; sourceTree = "<group>"; };
		BDFFE8BC22E731E45EEF65D8 /* Pods-Swile.debug.xcconfig */ = {isa = PBXFileReference; includeInIndex = 1; lastKnownFileType = text.xcconfig; name = "Pods-Swile.debug.xcconfig"; path = "Target Support Files/Pods-Swile/Pods-Swile.debug.xcconfig"; sourceTree = "<group>"; };
		D60399C3C79711BE4395BFFC /* Pods_SwileTests.framework */ = {isa = PBXFileReference; explicitFileType = wrapper.framework; includeInIndex = 0; path = Pods_SwileTests.framework; sourceTree = BUILT_PRODUCTS_DIR; };
		E2A0337226EA81E454D5BE37 /* Pods-SwileTests.debug.xcconfig */ = {isa = PBXFileReference; includeInIndex = 1; lastKnownFileType = text.xcconfig; name = "Pods-SwileTests.debug.xcconfig"; path = "Target Support Files/Pods-SwileTests/Pods-SwileTests.debug.xcconfig"; sourceTree = "<group>"; };
/* End PBXFileReference section */

/* Begin PBXFrameworksBuildPhase section */
		20808DA527B45F30005BD5F6 /* Frameworks */ = {
			isa = PBXFrameworksBuildPhase;
			buildActionMask = 2147483647;
			files = (
				7329121CF302AA315AC8A700 /* Pods_Swile.framework in Frameworks */,
			);
			runOnlyForDeploymentPostprocessing = 0;
		};
		20808DBB27B45F36005BD5F6 /* Frameworks */ = {
			isa = PBXFrameworksBuildPhase;
			buildActionMask = 2147483647;
			files = (
				51EF4238C1D804B5871C261A /* Pods_SwileTests.framework in Frameworks */,
			);
			runOnlyForDeploymentPostprocessing = 0;
		};
		20808DC527B45F36005BD5F6 /* Frameworks */ = {
			isa = PBXFrameworksBuildPhase;
			buildActionMask = 2147483647;
			files = (
			);
			runOnlyForDeploymentPostprocessing = 0;
		};
/* End PBXFrameworksBuildPhase section */

/* Begin PBXGroup section */
		13EFB85A6F2FE254DBA68A6B /* Pods */ = {
			isa = PBXGroup;
			children = (
				BDFFE8BC22E731E45EEF65D8 /* Pods-Swile.debug.xcconfig */,
				0F8F34A5D32F1DA4F7CECA26 /* Pods-Swile.release.xcconfig */,
				E2A0337226EA81E454D5BE37 /* Pods-SwileTests.debug.xcconfig */,
				BC962226DCC970D15F924184 /* Pods-SwileTests.release.xcconfig */,
			);
			path = Pods;
			sourceTree = "<group>";
		};
		20724B2327B57E27000AB821 /* Features */ = {
			isa = PBXGroup;
			children = (
				20AFE45427B7167700E79E1C /* TransactionDetails */,
				20724B2627B57E72000AB821 /* Transactions */,
			);
			path = Features;
			sourceTree = "<group>";
		};
		20724B2627B57E72000AB821 /* Transactions */ = {
			isa = PBXGroup;
			children = (
				20724B2427B57E4B000AB821 /* TransactionsViewModelTests.swift */,
				20724B2727B57E8F000AB821 /* TransactionViewModel+Mock.swift */,
				20724B3027B5CCDB000AB821 /* MockTransactionsViewModelDelegate.swift */,
				20724B2B27B57EF3000AB821 /* MockTransactionsRepository.swift */,
			);
			path = Transactions;
			sourceTree = "<group>";
		};
		20724B2D27B57FA9000AB821 /* Models */ = {
			isa = PBXGroup;
			children = (
				20724B2E27B57FB8000AB821 /* Transaction+Mock.swift */,
			);
			path = Models;
			sourceTree = "<group>";
		};
		20724B3227B5CF3E000AB821 /* Testing */ = {
			isa = PBXGroup;
			children = (
				20724B3327B5CF5D000AB821 /* XCTestCase+Wait.swift */,
			);
			path = Testing;
			sourceTree = "<group>";
		};
		20808D9F27B45F30005BD5F6 = {
			isa = PBXGroup;
			children = (
				20808DAA27B45F30005BD5F6 /* Swile */,
				20808DC127B45F36005BD5F6 /* SwileTests */,
				20808DCB27B45F36005BD5F6 /* SwileUITests */,
				20808DA927B45F30005BD5F6 /* Products */,
				13EFB85A6F2FE254DBA68A6B /* Pods */,
				37736BAAB39D38EEBDD9B341 /* Frameworks */,
			);
			sourceTree = "<group>";
		};
		20808DA927B45F30005BD5F6 /* Products */ = {
			isa = PBXGroup;
			children = (
				20808DA827B45F30005BD5F6 /* Swile.app */,
				20808DBE27B45F36005BD5F6 /* SwileTests.xctest */,
				20808DC827B45F36005BD5F6 /* SwileUITests.xctest */,
			);
			name = Products;
			sourceTree = "<group>";
		};
		20808DAA27B45F30005BD5F6 /* Swile */ = {
			isa = PBXGroup;
			children = (
				20808DDB27B46104005BD5F6 /* App */,
				20808DDE27B461EE005BD5F6 /* Contracts */,
				20808E1A27B47FEF005BD5F6 /* Commons */,
				20808E0227B47637005BD5F6 /* UICommons */,
				20808E0B27B478B0005BD5F6 /* Design */,
				20808DFA27B473A0005BD5F6 /* Features */,
				20808DE127B462EC005BD5F6 /* Providers */,
				20808DE627B463CA005BD5F6 /* Models */,
				20808DE227B4630A005BD5F6 /* SupportingFiles */,
				20808DE327B4631F005BD5F6 /* Resources */,
			);
			path = Swile;
			sourceTree = "<group>";
		};
		20808DC127B45F36005BD5F6 /* SwileTests */ = {
			isa = PBXGroup;
			children = (
				20724B3227B5CF3E000AB821 /* Testing */,
				20724B2327B57E27000AB821 /* Features */,
				20724B2D27B57FA9000AB821 /* Models */,
			);
			path = SwileTests;
			sourceTree = "<group>";
		};
		20808DCB27B45F36005BD5F6 /* SwileUITests */ = {
			isa = PBXGroup;
			children = (
				20808DCC27B45F36005BD5F6 /* SwileUITests.swift */,
				20808DCE27B45F36005BD5F6 /* SwileUITestsLaunchTests.swift */,
			);
			path = SwileUITests;
			sourceTree = "<group>";
		};
		20808DDB27B46104005BD5F6 /* App */ = {
			isa = PBXGroup;
			children = (
				20808DDC27B46148005BD5F6 /* AppCoordinator.swift */,
				20808DAB27B45F30005BD5F6 /* AppDelegate.swift */,
			);
			path = App;
			sourceTree = "<group>";
		};
		20808DDE27B461EE005BD5F6 /* Contracts */ = {
			isa = PBXGroup;
			children = (
				20808DDF27B461FD005BD5F6 /* Coordinator.swift */,
				20808E0927B476E1005BD5F6 /* ObservableType+Loading.swift */,
			);
			path = Contracts;
			sourceTree = "<group>";
		};
		20808DE127B462EC005BD5F6 /* Providers */ = {
			isa = PBXGroup;
			children = (
				20DF28CB27B522450008FBA0 /* ImageProvider.swift */,
			);
			path = Providers;
			sourceTree = "<group>";
		};
		20808DE227B4630A005BD5F6 /* SupportingFiles */ = {
			isa = PBXGroup;
			children = (
				20808DB627B45F35005BD5F6 /* LaunchScreen.storyboard */,
				20808DB927B45F35005BD5F6 /* Info.plist */,
			);
			path = SupportingFiles;
			sourceTree = "<group>";
		};
		20808DE327B4631F005BD5F6 /* Resources */ = {
			isa = PBXGroup;
			children = (
				20808DB427B45F35005BD5F6 /* Assets.xcassets */,
				20808DF227B468A0005BD5F6 /* Localizable.strings */,
				20808DF527B46AA2005BD5F6 /* Generated */,
			);
			path = Resources;
			sourceTree = "<group>";
		};
		20808DE627B463CA005BD5F6 /* Models */ = {
			isa = PBXGroup;
			children = (
				20808DE727B463E5005BD5F6 /* Transaction.swift */,
				20AFE44E27B6DA8500E79E1C /* TransactionType.swift */,
				20808E2327B48A5E005BD5F6 /* IconCategory.swift */,
				20808E2527B48AF7005BD5F6 /* AvatarCategory.swift */,
			);
			path = Models;
			sourceTree = "<group>";
		};
		20808DF527B46AA2005BD5F6 /* Generated */ = {
			isa = PBXGroup;
			children = (
				20808DF627B46AB4005BD5F6 /* Assets.swift */,
				20808DF827B46ABE005BD5F6 /* Strings.swift */,
			);
			path = Generated;
			sourceTree = "<group>";
		};
		20808DFA27B473A0005BD5F6 /* Features */ = {
			isa = PBXGroup;
			children = (
				20AFE43E27B64B6700E79E1C /* TransactionDetails */,
				20808DFD27B473DA005BD5F6 /* Transactions */,
			);
			path = Features;
			sourceTree = "<group>";
		};
		20808DFD27B473DA005BD5F6 /* Transactions */ = {
			isa = PBXGroup;
			children = (
				20808E0027B473F5005BD5F6 /* TransactionsViewController.swift */,
				20808DFE27B473EC005BD5F6 /* TransactionsViewModel.swift */,
				20808E1E27B4834A005BD5F6 /* TransactionsRepository.swift */,
			);
			path = Transactions;
			sourceTree = "<group>";
		};
		20808E0227B47637005BD5F6 /* UICommons */ = {
			isa = PBXGroup;
			children = (
				20808E0327B47649005BD5F6 /* Cells */,
			);
			path = UICommons;
			sourceTree = "<group>";
		};
		20808E0327B47649005BD5F6 /* Cells */ = {
			isa = PBXGroup;
			children = (
				20DF28DC27B569360008FBA0 /* SpacingCell.swift */,
				20808E0427B4764F005BD5F6 /* Header */,
				20DF28DE27B570D90008FBA0 /* Section */,
				20DF28B827B5039E0008FBA0 /* Transaction */,
			);
			path = Cells;
			sourceTree = "<group>";
		};
		20808E0427B4764F005BD5F6 /* Header */ = {
			isa = PBXGroup;
			children = (
				20808E0527B47659005BD5F6 /* HeaderCell.swift */,
				20808E0727B47661005BD5F6 /* HeaderCellViewModel.swift */,
			);
			path = Header;
			sourceTree = "<group>";
		};
		20808E0B27B478B0005BD5F6 /* Design */ = {
			isa = PBXGroup;
			children = (
				20DF28D027B534A90008FBA0 /* Enums */,
				20808E1427B47D32005BD5F6 /* Views */,
				20808E1727B47D8D005BD5F6 /* Protocols */,
				20808E0C27B478CE005BD5F6 /* StyleGuide */,
			);
			path = Design;
			sourceTree = "<group>";
		};
		20808E0C27B478CE005BD5F6 /* StyleGuide */ = {
			isa = PBXGroup;
			children = (
				20808E0D27B478F5005BD5F6 /* StyleGuide.swift */,
				20808E0F27B47945005BD5F6 /* ColorScheme.swift */,
				20808E1127B47A30005BD5F6 /* FontBook.swift */,
				20808E1327B47BEE005BD5F6 /* Fonts */,
			);
			path = StyleGuide;
			sourceTree = "<group>";
		};
		20808E1327B47BEE005BD5F6 /* Fonts */ = {
			isa = PBXGroup;
			children = (
				20DF28B527B503190008FBA0 /* Segma-Bold.otf */,
				20DF28B727B503190008FBA0 /* Segma-Medium.otf */,
				20DF28B627B503190008FBA0 /* Segma-SemiBold.otf */,
			);
			path = Fonts;
			sourceTree = "<group>";
		};
		20808E1427B47D32005BD5F6 /* Views */ = {
			isa = PBXGroup;
			children = (
				20AFE45127B7149C00E79E1C /* Internal */,
				20AFE45027B7149700E79E1C /* Public */,
			);
			path = Views;
			sourceTree = "<group>";
		};
		20808E1727B47D8D005BD5F6 /* Protocols */ = {
			isa = PBXGroup;
			children = (
				20808E1827B47D9A005BD5F6 /* HasData.swift */,
			);
			path = Protocols;
			sourceTree = "<group>";
		};
		20808E1A27B47FEF005BD5F6 /* Commons */ = {
			isa = PBXGroup;
			children = (
				20808E1B27B47FFC005BD5F6 /* Reusable.swift */,
				20DF28BE27B504A30008FBA0 /* DateFormatter.swift */,
				20DF28D627B54B490008FBA0 /* NumberFormatter.swift */,
			);
			path = Commons;
			sourceTree = "<group>";
		};
		20AFE43E27B64B6700E79E1C /* TransactionDetails */ = {
			isa = PBXGroup;
			children = (
				20AFE44127B64B8400E79E1C /* TransactionDetailsViewController.swift */,
				20AFE43F27B64B7A00E79E1C /* TransactionDetailsViewModel.swift */,
			);
			path = TransactionDetails;
			sourceTree = "<group>";
		};
		20AFE45027B7149700E79E1C /* Public */ = {
			isa = PBXGroup;
			children = (
				20AFE44527B663F800E79E1C /* CloseButton.swift */,
				20AFE44C27B6D8E900E79E1C /* Divider.swift */,
				20808E1527B47D3E005BD5F6 /* Header.swift */,
				20AFE44327B657F700E79E1C /* HeaderTransaction.swift */,
				20AFE44A27B6CAAB00E79E1C /* ItemAction.swift */,
				20DF28C027B50DD10008FBA0 /* ItemTransaction.swift */,
				20DF28E327B572600008FBA0 /* SectionHeader.swift */,
				20DF28DA27B5689B0008FBA0 /* SpaceDivider.swift */,
			);
			path = Public;
			sourceTree = "<group>";
		};
		20AFE45127B7149C00E79E1C /* Internal */ = {
			isa = PBXGroup;
			children = (
				20DF28D427B53BBE0008FBA0 /* Avatar.swift */,
				20DF28CE27B531020008FBA0 /* IconView.swift */,
				20DF28D827B553040008FBA0 /* Tag.swift */,
			);
			path = Internal;
			sourceTree = "<group>";
		};
		20AFE45427B7167700E79E1C /* TransactionDetails */ = {
			isa = PBXGroup;
			children = (
				20AFE45527B7168900E79E1C /* TransactionDetailsViewModelTests.swift */,
				20AFE45727B7169C00E79E1C /* TransactionDetailsViewModel+Mock.swift */,
				20AFE45927B716DE00E79E1C /* MockTransactionDetailsViewModelDelegate.swift */,
			);
			path = TransactionDetails;
			sourceTree = "<group>";
		};
		20DF28B827B5039E0008FBA0 /* Transaction */ = {
			isa = PBXGroup;
			children = (
				20DF28B927B503B20008FBA0 /* TransactionCell.swift */,
				20DF28BB27B503BC0008FBA0 /* TransactionCellViewModel.swift */,
			);
			path = Transaction;
			sourceTree = "<group>";
		};
		20DF28D027B534A90008FBA0 /* Enums */ = {
			isa = PBXGroup;
			children = (
				20DF28D227B534BD0008FBA0 /* Tint.swift */,
				20AFE44827B66B2900E79E1C /* Hero+Helpers.swift */,
			);
			path = Enums;
			sourceTree = "<group>";
		};
		20DF28DE27B570D90008FBA0 /* Section */ = {
			isa = PBXGroup;
			children = (
				20DF28DF27B570E70008FBA0 /* SectionCell.swift */,
				20DF28E127B570F30008FBA0 /* SectionCellViewModel.swift */,
			);
			path = Section;
			sourceTree = "<group>";
		};
		37736BAAB39D38EEBDD9B341 /* Frameworks */ = {
			isa = PBXGroup;
			children = (
				55F658AEC58B41DC3903170E /* Pods_Swile.framework */,
				D60399C3C79711BE4395BFFC /* Pods_SwileTests.framework */,
			);
			name = Frameworks;
			sourceTree = "<group>";
		};
/* End PBXGroup section */

/* Begin PBXNativeTarget section */
		20808DA727B45F30005BD5F6 /* Swile */ = {
			isa = PBXNativeTarget;
			buildConfigurationList = 20808DD227B45F36005BD5F6 /* Build configuration list for PBXNativeTarget "Swile" */;
			buildPhases = (
				A60DA3BF5D209A654BB74714 /* [CP] Check Pods Manifest.lock */,
				20808DEB27B467A9005BD5F6 /* SwiftGen */,
				20808DE927B46788005BD5F6 /* SwiftLint */,
				20808DA427B45F30005BD5F6 /* Sources */,
				20808DA527B45F30005BD5F6 /* Frameworks */,
				20808DA627B45F30005BD5F6 /* Resources */,
				807D597FD0553D2685B090B9 /* [CP] Embed Pods Frameworks */,
			);
			buildRules = (
			);
			dependencies = (
			);
			name = Swile;
			productName = Swile;
			productReference = 20808DA827B45F30005BD5F6 /* Swile.app */;
			productType = "com.apple.product-type.application";
		};
		20808DBD27B45F36005BD5F6 /* SwileTests */ = {
			isa = PBXNativeTarget;
			buildConfigurationList = 20808DD527B45F36005BD5F6 /* Build configuration list for PBXNativeTarget "SwileTests" */;
			buildPhases = (
				08FAB01907E002B162654912 /* [CP] Check Pods Manifest.lock */,
				20808DBA27B45F36005BD5F6 /* Sources */,
				20808DBB27B45F36005BD5F6 /* Frameworks */,
				20808DBC27B45F36005BD5F6 /* Resources */,
			);
			buildRules = (
			);
			dependencies = (
				20808DC027B45F36005BD5F6 /* PBXTargetDependency */,
			);
			name = SwileTests;
			productName = SwileTests;
			productReference = 20808DBE27B45F36005BD5F6 /* SwileTests.xctest */;
			productType = "com.apple.product-type.bundle.unit-test";
		};
		20808DC727B45F36005BD5F6 /* SwileUITests */ = {
			isa = PBXNativeTarget;
			buildConfigurationList = 20808DD827B45F36005BD5F6 /* Build configuration list for PBXNativeTarget "SwileUITests" */;
			buildPhases = (
				20808DC427B45F36005BD5F6 /* Sources */,
				20808DC527B45F36005BD5F6 /* Frameworks */,
				20808DC627B45F36005BD5F6 /* Resources */,
			);
			buildRules = (
			);
			dependencies = (
				20808DCA27B45F36005BD5F6 /* PBXTargetDependency */,
			);
			name = SwileUITests;
			productName = SwileUITests;
			productReference = 20808DC827B45F36005BD5F6 /* SwileUITests.xctest */;
			productType = "com.apple.product-type.bundle.ui-testing";
		};
/* End PBXNativeTarget section */

/* Begin PBXProject section */
		20808DA027B45F30005BD5F6 /* Project object */ = {
			isa = PBXProject;
			attributes = {
				BuildIndependentTargetsInParallel = 1;
				LastSwiftUpdateCheck = 1300;
				LastUpgradeCheck = 1300;
				TargetAttributes = {
					20808DA727B45F30005BD5F6 = {
						CreatedOnToolsVersion = 13.0;
					};
					20808DBD27B45F36005BD5F6 = {
						CreatedOnToolsVersion = 13.0;
						LastSwiftMigration = 1300;
						TestTargetID = 20808DA727B45F30005BD5F6;
					};
					20808DC727B45F36005BD5F6 = {
						CreatedOnToolsVersion = 13.0;
						TestTargetID = 20808DA727B45F30005BD5F6;
					};
				};
			};
			buildConfigurationList = 20808DA327B45F30005BD5F6 /* Build configuration list for PBXProject "Swile" */;
			compatibilityVersion = "Xcode 13.0";
			developmentRegion = en;
			hasScannedForEncodings = 0;
			knownRegions = (
				en,
				Base,
				"pt-BR",
				fr,
			);
			mainGroup = 20808D9F27B45F30005BD5F6;
			productRefGroup = 20808DA927B45F30005BD5F6 /* Products */;
			projectDirPath = "";
			projectRoot = "";
			targets = (
				20808DA727B45F30005BD5F6 /* Swile */,
				20808DBD27B45F36005BD5F6 /* SwileTests */,
				20808DC727B45F36005BD5F6 /* SwileUITests */,
			);
		};
/* End PBXProject section */

/* Begin PBXResourcesBuildPhase section */
		20808DA627B45F30005BD5F6 /* Resources */ = {
			isa = PBXResourcesBuildPhase;
			buildActionMask = 2147483647;
			files = (
				20DF28C427B51CE60008FBA0 /* Segma-SemiBold.otf in Resources */,
				20DF28C227B51CE00008FBA0 /* Segma-Bold.otf in Resources */,
				20808DB827B45F35005BD5F6 /* LaunchScreen.storyboard in Resources */,
				20DF28C327B51CE30008FBA0 /* Segma-Medium.otf in Resources */,
				20808DF027B468A0005BD5F6 /* Localizable.strings in Resources */,
				20808DB527B45F35005BD5F6 /* Assets.xcassets in Resources */,
			);
			runOnlyForDeploymentPostprocessing = 0;
		};
		20808DBC27B45F36005BD5F6 /* Resources */ = {
			isa = PBXResourcesBuildPhase;
			buildActionMask = 2147483647;
			files = (
			);
			runOnlyForDeploymentPostprocessing = 0;
		};
		20808DC627B45F36005BD5F6 /* Resources */ = {
			isa = PBXResourcesBuildPhase;
			buildActionMask = 2147483647;
			files = (
				20DF28C827B51CEC0008FBA0 /* Segma-Medium.otf in Resources */,
				20DF28C927B51CEF0008FBA0 /* Segma-Bold.otf in Resources */,
				20DF28C627B51CE90008FBA0 /* Segma-SemiBold.otf in Resources */,
			);
			runOnlyForDeploymentPostprocessing = 0;
		};
/* End PBXResourcesBuildPhase section */

/* Begin PBXShellScriptBuildPhase section */
		08FAB01907E002B162654912 /* [CP] Check Pods Manifest.lock */ = {
			isa = PBXShellScriptBuildPhase;
			buildActionMask = 2147483647;
			files = (
			);
			inputFileListPaths = (
			);
			inputPaths = (
				"${PODS_PODFILE_DIR_PATH}/Podfile.lock",
				"${PODS_ROOT}/Manifest.lock",
			);
			name = "[CP] Check Pods Manifest.lock";
			outputFileListPaths = (
			);
			outputPaths = (
				"$(DERIVED_FILE_DIR)/Pods-SwileTests-checkManifestLockResult.txt",
			);
			runOnlyForDeploymentPostprocessing = 0;
			shellPath = /bin/sh;
			shellScript = "diff \"${PODS_PODFILE_DIR_PATH}/Podfile.lock\" \"${PODS_ROOT}/Manifest.lock\" > /dev/null\nif [ $? != 0 ] ; then\n    # print error to STDERR\n    echo \"error: The sandbox is not in sync with the Podfile.lock. Run 'pod install' or update your CocoaPods installation.\" >&2\n    exit 1\nfi\n# This output is used by Xcode 'outputs' to avoid re-running this script phase.\necho \"SUCCESS\" > \"${SCRIPT_OUTPUT_FILE_0}\"\n";
			showEnvVarsInLog = 0;
		};
		20808DE927B46788005BD5F6 /* SwiftLint */ = {
			isa = PBXShellScriptBuildPhase;
			buildActionMask = 2147483647;
			files = (
			);
			inputFileListPaths = (
			);
			inputPaths = (
			);
			name = SwiftLint;
			outputFileListPaths = (
			);
			outputPaths = (
			);
			runOnlyForDeploymentPostprocessing = 0;
			shellPath = /bin/sh;
			shellScript = "${PODS_ROOT}/SwiftLint/swiftlint\n";
		};
		20808DEB27B467A9005BD5F6 /* SwiftGen */ = {
			isa = PBXShellScriptBuildPhase;
			buildActionMask = 2147483647;
			files = (
			);
			inputFileListPaths = (
			);
			inputPaths = (
			);
			name = SwiftGen;
			outputFileListPaths = (
			);
			outputPaths = (
			);
			runOnlyForDeploymentPostprocessing = 0;
			shellPath = /bin/sh;
			shellScript = "\"$PODS_ROOT/SwiftGen/bin/swiftgen\"\n";
		};
		807D597FD0553D2685B090B9 /* [CP] Embed Pods Frameworks */ = {
			isa = PBXShellScriptBuildPhase;
			buildActionMask = 2147483647;
			files = (
			);
			inputFileListPaths = (
			);
			name = "[CP] Embed Pods Frameworks";
			outputFileListPaths = (
			);
			runOnlyForDeploymentPostprocessing = 0;
			shellPath = /bin/sh;
			shellScript = "\"${PODS_ROOT}/Target Support Files/Pods-Swile/Pods-Swile-frameworks.sh\"\n";
			showEnvVarsInLog = 0;
		};
		A60DA3BF5D209A654BB74714 /* [CP] Check Pods Manifest.lock */ = {
			isa = PBXShellScriptBuildPhase;
			buildActionMask = 2147483647;
			files = (
			);
			inputFileListPaths = (
			);
			inputPaths = (
				"${PODS_PODFILE_DIR_PATH}/Podfile.lock",
				"${PODS_ROOT}/Manifest.lock",
			);
			name = "[CP] Check Pods Manifest.lock";
			outputFileListPaths = (
			);
			outputPaths = (
				"$(DERIVED_FILE_DIR)/Pods-Swile-checkManifestLockResult.txt",
			);
			runOnlyForDeploymentPostprocessing = 0;
			shellPath = /bin/sh;
			shellScript = "diff \"${PODS_PODFILE_DIR_PATH}/Podfile.lock\" \"${PODS_ROOT}/Manifest.lock\" > /dev/null\nif [ $? != 0 ] ; then\n    # print error to STDERR\n    echo \"error: The sandbox is not in sync with the Podfile.lock. Run 'pod install' or update your CocoaPods installation.\" >&2\n    exit 1\nfi\n# This output is used by Xcode 'outputs' to avoid re-running this script phase.\necho \"SUCCESS\" > \"${SCRIPT_OUTPUT_FILE_0}\"\n";
			showEnvVarsInLog = 0;
		};
/* End PBXShellScriptBuildPhase section */

/* Begin PBXSourcesBuildPhase section */
		20808DA427B45F30005BD5F6 /* Sources */ = {
			isa = PBXSourcesBuildPhase;
			buildActionMask = 2147483647;
			files = (
				20DF28BF27B504A30008FBA0 /* DateFormatter.swift in Sources */,
				20DF28E027B570E70008FBA0 /* SectionCell.swift in Sources */,
				20DF28D727B54B490008FBA0 /* NumberFormatter.swift in Sources */,
				20AFE44D27B6D8E900E79E1C /* Divider.swift in Sources */,
				20808E1927B47D9A005BD5F6 /* HasData.swift in Sources */,
				20DF28D527B53BBE0008FBA0 /* Avatar.swift in Sources */,
				20808E1627B47D3E005BD5F6 /* Header.swift in Sources */,
				20AFE44627B663F800E79E1C /* CloseButton.swift in Sources */,
				20808E0127B473F5005BD5F6 /* TransactionsViewController.swift in Sources */,
				20808E2627B48AF7005BD5F6 /* AvatarCategory.swift in Sources */,
				20808DE027B461FD005BD5F6 /* Coordinator.swift in Sources */,
				20808DE827B463E5005BD5F6 /* Transaction.swift in Sources */,
				20808E2427B48A5E005BD5F6 /* IconCategory.swift in Sources */,
				20DF28DD27B569360008FBA0 /* SpacingCell.swift in Sources */,
				20808E1F27B4834A005BD5F6 /* TransactionsRepository.swift in Sources */,
				20AFE44427B657F700E79E1C /* HeaderTransaction.swift in Sources */,
				20DF28BC27B503BC0008FBA0 /* TransactionCellViewModel.swift in Sources */,
				20808DF727B46AB4005BD5F6 /* Assets.swift in Sources */,
				20DF28E227B570F30008FBA0 /* SectionCellViewModel.swift in Sources */,
				20DF28D327B534BD0008FBA0 /* Tint.swift in Sources */,
				20808DDD27B46148005BD5F6 /* AppCoordinator.swift in Sources */,
				20DF28CF27B531020008FBA0 /* IconView.swift in Sources */,
				20808E0627B47659005BD5F6 /* HeaderCell.swift in Sources */,
				20AFE44027B64B7A00E79E1C /* TransactionDetailsViewModel.swift in Sources */,
				20DF28DB27B5689B0008FBA0 /* SpaceDivider.swift in Sources */,
				20DF28BA27B503B20008FBA0 /* TransactionCell.swift in Sources */,
				20808E0A27B476E1005BD5F6 /* ObservableType+Loading.swift in Sources */,
				20808DAC27B45F30005BD5F6 /* AppDelegate.swift in Sources */,
				20808DF927B46ABE005BD5F6 /* Strings.swift in Sources */,
				20808E1C27B47FFC005BD5F6 /* Reusable.swift in Sources */,
				20808E1027B47945005BD5F6 /* ColorScheme.swift in Sources */,
				20DF28D927B553040008FBA0 /* Tag.swift in Sources */,
				20AFE44927B66B2900E79E1C /* Hero+Helpers.swift in Sources */,
				20808E0827B47661005BD5F6 /* HeaderCellViewModel.swift in Sources */,
				20AFE44B27B6CAAC00E79E1C /* ItemAction.swift in Sources */,
				20DF28C127B50DD10008FBA0 /* ItemTransaction.swift in Sources */,
				20808DFF27B473EC005BD5F6 /* TransactionsViewModel.swift in Sources */,
				20DF28E427B572600008FBA0 /* SectionHeader.swift in Sources */,
				20AFE44F27B6DA8500E79E1C /* TransactionType.swift in Sources */,
				20808E0E27B478F5005BD5F6 /* StyleGuide.swift in Sources */,
				20DF28CC27B522450008FBA0 /* ImageProvider.swift in Sources */,
				20AFE44227B64B8400E79E1C /* TransactionDetailsViewController.swift in Sources */,
				20808E1227B47A31005BD5F6 /* FontBook.swift in Sources */,
			);
			runOnlyForDeploymentPostprocessing = 0;
		};
		20808DBA27B45F36005BD5F6 /* Sources */ = {
			isa = PBXSourcesBuildPhase;
			buildActionMask = 2147483647;
			files = (
				20AFE45627B7168900E79E1C /* TransactionDetailsViewModelTests.swift in Sources */,
				20AFE45A27B716DE00E79E1C /* MockTransactionDetailsViewModelDelegate.swift in Sources */,
				20724B3127B5CCDB000AB821 /* MockTransactionsViewModelDelegate.swift in Sources */,
				20724B2F27B57FB8000AB821 /* Transaction+Mock.swift in Sources */,
				20724B2C27B57EF3000AB821 /* MockTransactionsRepository.swift in Sources */,
				20724B2527B57E4B000AB821 /* TransactionsViewModelTests.swift in Sources */,
				20724B2827B57E8F000AB821 /* TransactionViewModel+Mock.swift in Sources */,
				20AFE45827B7169C00E79E1C /* TransactionDetailsViewModel+Mock.swift in Sources */,
				20724B3427B5CF5D000AB821 /* XCTestCase+Wait.swift in Sources */,
			);
			runOnlyForDeploymentPostprocessing = 0;
		};
		20808DC427B45F36005BD5F6 /* Sources */ = {
			isa = PBXSourcesBuildPhase;
			buildActionMask = 2147483647;
			files = (
				20808DCD27B45F36005BD5F6 /* SwileUITests.swift in Sources */,
				20808DCF27B45F36005BD5F6 /* SwileUITestsLaunchTests.swift in Sources */,
			);
			runOnlyForDeploymentPostprocessing = 0;
		};
/* End PBXSourcesBuildPhase section */

/* Begin PBXTargetDependency section */
		20808DC027B45F36005BD5F6 /* PBXTargetDependency */ = {
			isa = PBXTargetDependency;
			target = 20808DA727B45F30005BD5F6 /* Swile */;
			targetProxy = 20808DBF27B45F36005BD5F6 /* PBXContainerItemProxy */;
		};
		20808DCA27B45F36005BD5F6 /* PBXTargetDependency */ = {
			isa = PBXTargetDependency;
			target = 20808DA727B45F30005BD5F6 /* Swile */;
			targetProxy = 20808DC927B45F36005BD5F6 /* PBXContainerItemProxy */;
		};
/* End PBXTargetDependency section */

/* Begin PBXVariantGroup section */
		20808DB627B45F35005BD5F6 /* LaunchScreen.storyboard */ = {
			isa = PBXVariantGroup;
			children = (
				20808DB727B45F35005BD5F6 /* Base */,
			);
			name = LaunchScreen.storyboard;
			sourceTree = "<group>";
		};
		20808DF227B468A0005BD5F6 /* Localizable.strings */ = {
			isa = PBXVariantGroup;
			children = (
				20808DF127B468A0005BD5F6 /* en */,
				20808DF327B468A3005BD5F6 /* fr */,
				20808DF427B468A4005BD5F6 /* pt-BR */,
			);
			name = Localizable.strings;
			sourceTree = "<group>";
		};
/* End PBXVariantGroup section */

/* Begin XCBuildConfiguration section */
		20808DD027B45F36005BD5F6 /* Debug */ = {
			isa = XCBuildConfiguration;
			buildSettings = {
				ALWAYS_SEARCH_USER_PATHS = NO;
				CLANG_ANALYZER_LOCALIZABILITY_NONLOCALIZED = YES;
				CLANG_ANALYZER_NONNULL = YES;
				CLANG_ANALYZER_NUMBER_OBJECT_CONVERSION = YES_AGGRESSIVE;
				CLANG_CXX_LANGUAGE_STANDARD = "gnu++17";
				CLANG_CXX_LIBRARY = "libc++";
				CLANG_ENABLE_MODULES = YES;
				CLANG_ENABLE_OBJC_ARC = YES;
				CLANG_ENABLE_OBJC_WEAK = YES;
				CLANG_WARN_BLOCK_CAPTURE_AUTORELEASING = YES;
				CLANG_WARN_BOOL_CONVERSION = YES;
				CLANG_WARN_COMMA = YES;
				CLANG_WARN_CONSTANT_CONVERSION = YES;
				CLANG_WARN_DEPRECATED_OBJC_IMPLEMENTATIONS = YES;
				CLANG_WARN_DIRECT_OBJC_ISA_USAGE = YES_ERROR;
				CLANG_WARN_DOCUMENTATION_COMMENTS = YES;
				CLANG_WARN_EMPTY_BODY = YES;
				CLANG_WARN_ENUM_CONVERSION = YES;
				CLANG_WARN_INFINITE_RECURSION = YES;
				CLANG_WARN_INT_CONVERSION = YES;
				CLANG_WARN_NON_LITERAL_NULL_CONVERSION = YES;
				CLANG_WARN_OBJC_IMPLICIT_RETAIN_SELF = YES;
				CLANG_WARN_OBJC_LITERAL_CONVERSION = YES;
				CLANG_WARN_OBJC_ROOT_CLASS = YES_ERROR;
				CLANG_WARN_QUOTED_INCLUDE_IN_FRAMEWORK_HEADER = YES;
				CLANG_WARN_RANGE_LOOP_ANALYSIS = YES;
				CLANG_WARN_STRICT_PROTOTYPES = YES;
				CLANG_WARN_SUSPICIOUS_MOVE = YES;
				CLANG_WARN_UNGUARDED_AVAILABILITY = YES_AGGRESSIVE;
				CLANG_WARN_UNREACHABLE_CODE = YES;
				CLANG_WARN__DUPLICATE_METHOD_MATCH = YES;
				COPY_PHASE_STRIP = NO;
				DEBUG_INFORMATION_FORMAT = dwarf;
				ENABLE_STRICT_OBJC_MSGSEND = YES;
				ENABLE_TESTABILITY = YES;
				GCC_C_LANGUAGE_STANDARD = gnu11;
				GCC_DYNAMIC_NO_PIC = NO;
				GCC_NO_COMMON_BLOCKS = YES;
				GCC_OPTIMIZATION_LEVEL = 0;
				GCC_PREPROCESSOR_DEFINITIONS = (
					"DEBUG=1",
					"$(inherited)",
				);
				GCC_WARN_64_TO_32_BIT_CONVERSION = YES;
				GCC_WARN_ABOUT_RETURN_TYPE = YES_ERROR;
				GCC_WARN_UNDECLARED_SELECTOR = YES;
				GCC_WARN_UNINITIALIZED_AUTOS = YES_AGGRESSIVE;
				GCC_WARN_UNUSED_FUNCTION = YES;
				GCC_WARN_UNUSED_VARIABLE = YES;
				IPHONEOS_DEPLOYMENT_TARGET = 15.0;
				MTL_ENABLE_DEBUG_INFO = INCLUDE_SOURCE;
				MTL_FAST_MATH = YES;
				ONLY_ACTIVE_ARCH = YES;
				SDKROOT = iphoneos;
				SWIFT_ACTIVE_COMPILATION_CONDITIONS = DEBUG;
				SWIFT_OPTIMIZATION_LEVEL = "-Onone";
			};
			name = Debug;
		};
		20808DD127B45F36005BD5F6 /* Release */ = {
			isa = XCBuildConfiguration;
			buildSettings = {
				ALWAYS_SEARCH_USER_PATHS = NO;
				CLANG_ANALYZER_LOCALIZABILITY_NONLOCALIZED = YES;
				CLANG_ANALYZER_NONNULL = YES;
				CLANG_ANALYZER_NUMBER_OBJECT_CONVERSION = YES_AGGRESSIVE;
				CLANG_CXX_LANGUAGE_STANDARD = "gnu++17";
				CLANG_CXX_LIBRARY = "libc++";
				CLANG_ENABLE_MODULES = YES;
				CLANG_ENABLE_OBJC_ARC = YES;
				CLANG_ENABLE_OBJC_WEAK = YES;
				CLANG_WARN_BLOCK_CAPTURE_AUTORELEASING = YES;
				CLANG_WARN_BOOL_CONVERSION = YES;
				CLANG_WARN_COMMA = YES;
				CLANG_WARN_CONSTANT_CONVERSION = YES;
				CLANG_WARN_DEPRECATED_OBJC_IMPLEMENTATIONS = YES;
				CLANG_WARN_DIRECT_OBJC_ISA_USAGE = YES_ERROR;
				CLANG_WARN_DOCUMENTATION_COMMENTS = YES;
				CLANG_WARN_EMPTY_BODY = YES;
				CLANG_WARN_ENUM_CONVERSION = YES;
				CLANG_WARN_INFINITE_RECURSION = YES;
				CLANG_WARN_INT_CONVERSION = YES;
				CLANG_WARN_NON_LITERAL_NULL_CONVERSION = YES;
				CLANG_WARN_OBJC_IMPLICIT_RETAIN_SELF = YES;
				CLANG_WARN_OBJC_LITERAL_CONVERSION = YES;
				CLANG_WARN_OBJC_ROOT_CLASS = YES_ERROR;
				CLANG_WARN_QUOTED_INCLUDE_IN_FRAMEWORK_HEADER = YES;
				CLANG_WARN_RANGE_LOOP_ANALYSIS = YES;
				CLANG_WARN_STRICT_PROTOTYPES = YES;
				CLANG_WARN_SUSPICIOUS_MOVE = YES;
				CLANG_WARN_UNGUARDED_AVAILABILITY = YES_AGGRESSIVE;
				CLANG_WARN_UNREACHABLE_CODE = YES;
				CLANG_WARN__DUPLICATE_METHOD_MATCH = YES;
				COPY_PHASE_STRIP = NO;
				DEBUG_INFORMATION_FORMAT = "dwarf-with-dsym";
				ENABLE_NS_ASSERTIONS = NO;
				ENABLE_STRICT_OBJC_MSGSEND = YES;
				GCC_C_LANGUAGE_STANDARD = gnu11;
				GCC_NO_COMMON_BLOCKS = YES;
				GCC_WARN_64_TO_32_BIT_CONVERSION = YES;
				GCC_WARN_ABOUT_RETURN_TYPE = YES_ERROR;
				GCC_WARN_UNDECLARED_SELECTOR = YES;
				GCC_WARN_UNINITIALIZED_AUTOS = YES_AGGRESSIVE;
				GCC_WARN_UNUSED_FUNCTION = YES;
				GCC_WARN_UNUSED_VARIABLE = YES;
				IPHONEOS_DEPLOYMENT_TARGET = 15.0;
				MTL_ENABLE_DEBUG_INFO = NO;
				MTL_FAST_MATH = YES;
				SDKROOT = iphoneos;
				SWIFT_COMPILATION_MODE = wholemodule;
				SWIFT_OPTIMIZATION_LEVEL = "-O";
				VALIDATE_PRODUCT = YES;
			};
			name = Release;
		};
		20808DD327B45F36005BD5F6 /* Debug */ = {
			isa = XCBuildConfiguration;
			baseConfigurationReference = BDFFE8BC22E731E45EEF65D8 /* Pods-Swile.debug.xcconfig */;
			buildSettings = {
				ASSETCATALOG_COMPILER_APPICON_NAME = AppIcon;
				ASSETCATALOG_COMPILER_GLOBAL_ACCENT_COLOR_NAME = AccentColor;
				CODE_SIGN_STYLE = Automatic;
				CURRENT_PROJECT_VERSION = 1;
				DEVELOPMENT_TEAM = ZKL7YXM7BV;
				GENERATE_INFOPLIST_FILE = YES;
				INFOPLIST_FILE = Swile/SupportingFiles/Info.plist;
				INFOPLIST_KEY_UIApplicationSupportsIndirectInputEvents = YES;
				INFOPLIST_KEY_UILaunchStoryboardName = LaunchScreen;
				INFOPLIST_KEY_UIRequiredDeviceCapabilities = armv7;
				INFOPLIST_KEY_UISupportedInterfaceOrientations = UIInterfaceOrientationPortrait;
				INFOPLIST_KEY_UISupportedInterfaceOrientations_iPad = "UIInterfaceOrientationPortrait UIInterfaceOrientationPortraitUpsideDown UIInterfaceOrientationLandscapeLeft UIInterfaceOrientationLandscapeRight";
				INFOPLIST_KEY_UISupportedInterfaceOrientations_iPhone = "UIInterfaceOrientationPortrait UIInterfaceOrientationLandscapeLeft UIInterfaceOrientationLandscapeRight";
				LD_RUNPATH_SEARCH_PATHS = (
					"$(inherited)",
					"@executable_path/Frameworks",
				);
				MARKETING_VERSION = 1.0;
				PRODUCT_BUNDLE_IDENTIFIER = com.fromont.swile.Swile;
				PRODUCT_NAME = "$(TARGET_NAME)";
				SWIFT_EMIT_LOC_STRINGS = YES;
				SWIFT_VERSION = 5.0;
				TARGETED_DEVICE_FAMILY = "1,2";
			};
			name = Debug;
		};
		20808DD427B45F36005BD5F6 /* Release */ = {
			isa = XCBuildConfiguration;
			baseConfigurationReference = 0F8F34A5D32F1DA4F7CECA26 /* Pods-Swile.release.xcconfig */;
			buildSettings = {
				ASSETCATALOG_COMPILER_APPICON_NAME = AppIcon;
				ASSETCATALOG_COMPILER_GLOBAL_ACCENT_COLOR_NAME = AccentColor;
				CODE_SIGN_STYLE = Automatic;
				CURRENT_PROJECT_VERSION = 1;
				DEVELOPMENT_TEAM = ZKL7YXM7BV;
				GENERATE_INFOPLIST_FILE = YES;
				INFOPLIST_FILE = Swile/SupportingFiles/Info.plist;
				INFOPLIST_KEY_UIApplicationSupportsIndirectInputEvents = YES;
				INFOPLIST_KEY_UILaunchStoryboardName = LaunchScreen;
				INFOPLIST_KEY_UIRequiredDeviceCapabilities = armv7;
				INFOPLIST_KEY_UISupportedInterfaceOrientations = UIInterfaceOrientationPortrait;
				INFOPLIST_KEY_UISupportedInterfaceOrientations_iPad = "UIInterfaceOrientationPortrait UIInterfaceOrientationPortraitUpsideDown UIInterfaceOrientationLandscapeLeft UIInterfaceOrientationLandscapeRight";
				INFOPLIST_KEY_UISupportedInterfaceOrientations_iPhone = "UIInterfaceOrientationPortrait UIInterfaceOrientationLandscapeLeft UIInterfaceOrientationLandscapeRight";
				LD_RUNPATH_SEARCH_PATHS = (
					"$(inherited)",
					"@executable_path/Frameworks",
				);
				MARKETING_VERSION = 1.0;
				PRODUCT_BUNDLE_IDENTIFIER = com.fromont.swile.Swile;
				PRODUCT_NAME = "$(TARGET_NAME)";
				SWIFT_EMIT_LOC_STRINGS = YES;
				SWIFT_VERSION = 5.0;
				TARGETED_DEVICE_FAMILY = "1,2";
			};
			name = Release;
		};
		20808DD627B45F36005BD5F6 /* Debug */ = {
			isa = XCBuildConfiguration;
			baseConfigurationReference = E2A0337226EA81E454D5BE37 /* Pods-SwileTests.debug.xcconfig */;
			buildSettings = {
				ALWAYS_EMBED_SWIFT_STANDARD_LIBRARIES = YES;
				BUNDLE_LOADER = "$(TEST_HOST)";
				CLANG_ENABLE_MODULES = YES;
				CODE_SIGN_STYLE = Automatic;
				CURRENT_PROJECT_VERSION = 1;
				DEVELOPMENT_TEAM = ZKL7YXM7BV;
				GENERATE_INFOPLIST_FILE = YES;
				IPHONEOS_DEPLOYMENT_TARGET = 15.0;
				LD_RUNPATH_SEARCH_PATHS = (
					"$(inherited)",
					"@executable_path/Frameworks",
					"@loader_path/Frameworks",
				);
				MARKETING_VERSION = 1.0;
				PRODUCT_BUNDLE_IDENTIFIER = com.fromont.swile.SwileTests;
				PRODUCT_NAME = "$(TARGET_NAME)";
				SWIFT_EMIT_LOC_STRINGS = NO;
				SWIFT_OPTIMIZATION_LEVEL = "-Onone";
				SWIFT_VERSION = 5.0;
				TARGETED_DEVICE_FAMILY = "1,2";
				TEST_HOST = "$(BUILT_PRODUCTS_DIR)/Swile.app/Swile";
			};
			name = Debug;
		};
		20808DD727B45F36005BD5F6 /* Release */ = {
			isa = XCBuildConfiguration;
			baseConfigurationReference = BC962226DCC970D15F924184 /* Pods-SwileTests.release.xcconfig */;
			buildSettings = {
				ALWAYS_EMBED_SWIFT_STANDARD_LIBRARIES = YES;
				BUNDLE_LOADER = "$(TEST_HOST)";
				CLANG_ENABLE_MODULES = YES;
				CODE_SIGN_STYLE = Automatic;
				CURRENT_PROJECT_VERSION = 1;
				DEVELOPMENT_TEAM = ZKL7YXM7BV;
				GENERATE_INFOPLIST_FILE = YES;
				IPHONEOS_DEPLOYMENT_TARGET = 15.0;
				LD_RUNPATH_SEARCH_PATHS = (
					"$(inherited)",
					"@executable_path/Frameworks",
					"@loader_path/Frameworks",
				);
				MARKETING_VERSION = 1.0;
				PRODUCT_BUNDLE_IDENTIFIER = com.fromont.swile.SwileTests;
				PRODUCT_NAME = "$(TARGET_NAME)";
				SWIFT_EMIT_LOC_STRINGS = NO;
				SWIFT_VERSION = 5.0;
				TARGETED_DEVICE_FAMILY = "1,2";
				TEST_HOST = "$(BUILT_PRODUCTS_DIR)/Swile.app/Swile";
			};
			name = Release;
		};
		20808DD927B45F36005BD5F6 /* Debug */ = {
			isa = XCBuildConfiguration;
			buildSettings = {
				ALWAYS_EMBED_SWIFT_STANDARD_LIBRARIES = YES;
				CODE_SIGN_STYLE = Automatic;
				CURRENT_PROJECT_VERSION = 1;
				DEVELOPMENT_TEAM = ZKL7YXM7BV;
				GENERATE_INFOPLIST_FILE = YES;
				LD_RUNPATH_SEARCH_PATHS = (
					"$(inherited)",
					"@executable_path/Frameworks",
					"@loader_path/Frameworks",
				);
				MARKETING_VERSION = 1.0;
				PRODUCT_BUNDLE_IDENTIFIER = com.fromont.swile.SwileUITests;
				PRODUCT_NAME = "$(TARGET_NAME)";
				SWIFT_EMIT_LOC_STRINGS = NO;
				SWIFT_VERSION = 5.0;
				TARGETED_DEVICE_FAMILY = "1,2";
				TEST_TARGET_NAME = Swile;
			};
			name = Debug;
		};
		20808DDA27B45F36005BD5F6 /* Release */ = {
			isa = XCBuildConfiguration;
			buildSettings = {
				ALWAYS_EMBED_SWIFT_STANDARD_LIBRARIES = YES;
				CODE_SIGN_STYLE = Automatic;
				CURRENT_PROJECT_VERSION = 1;
				DEVELOPMENT_TEAM = ZKL7YXM7BV;
				GENERATE_INFOPLIST_FILE = YES;
				LD_RUNPATH_SEARCH_PATHS = (
					"$(inherited)",
					"@executable_path/Frameworks",
					"@loader_path/Frameworks",
				);
				MARKETING_VERSION = 1.0;
				PRODUCT_BUNDLE_IDENTIFIER = com.fromont.swile.SwileUITests;
				PRODUCT_NAME = "$(TARGET_NAME)";
				SWIFT_EMIT_LOC_STRINGS = NO;
				SWIFT_VERSION = 5.0;
				TARGETED_DEVICE_FAMILY = "1,2";
				TEST_TARGET_NAME = Swile;
			};
			name = Release;
		};
/* End XCBuildConfiguration section */

/* Begin XCConfigurationList section */
		20808DA327B45F30005BD5F6 /* Build configuration list for PBXProject "Swile" */ = {
			isa = XCConfigurationList;
			buildConfigurations = (
				20808DD027B45F36005BD5F6 /* Debug */,
				20808DD127B45F36005BD5F6 /* Release */,
			);
			defaultConfigurationIsVisible = 0;
			defaultConfigurationName = Release;
		};
		20808DD227B45F36005BD5F6 /* Build configuration list for PBXNativeTarget "Swile" */ = {
			isa = XCConfigurationList;
			buildConfigurations = (
				20808DD327B45F36005BD5F6 /* Debug */,
				20808DD427B45F36005BD5F6 /* Release */,
			);
			defaultConfigurationIsVisible = 0;
			defaultConfigurationName = Release;
		};
		20808DD527B45F36005BD5F6 /* Build configuration list for PBXNativeTarget "SwileTests" */ = {
			isa = XCConfigurationList;
			buildConfigurations = (
				20808DD627B45F36005BD5F6 /* Debug */,
				20808DD727B45F36005BD5F6 /* Release */,
			);
			defaultConfigurationIsVisible = 0;
			defaultConfigurationName = Release;
		};
		20808DD827B45F36005BD5F6 /* Build configuration list for PBXNativeTarget "SwileUITests" */ = {
			isa = XCConfigurationList;
			buildConfigurations = (
				20808DD927B45F36005BD5F6 /* Debug */,
				20808DDA27B45F36005BD5F6 /* Release */,
			);
			defaultConfigurationIsVisible = 0;
			defaultConfigurationName = Release;
		};
/* End XCConfigurationList section */
	};
	rootObject = 20808DA027B45F30005BD5F6 /* Project object */;
}
